%{"calendar": {:hex, :calendar, "0.16.1", "782327ad8bae7c797b887840dc4ddb933f05ce6e333e5b04964d7a5d5f79bde3", [:mix], [{:tzdata, "~> 0.5.8 or ~> 0.1.201603", [hex: :tzdata, optional: false]}]},
  "certifi": {:hex, :certifi, "1.0.0", "1c787a85b1855ba354f0b8920392c19aa1d06b0ee1362f9141279620a5be2039", [:rebar3], []},
  "combine": {:hex, :combine, "0.9.6", "8d1034a127d4cbf6924c8a5010d3534d958085575fa4d9b878f200d79ac78335", [:mix], []},
  "connection": {:hex, :connection, "1.0.4", "a1cae72211f0eef17705aaededacac3eb30e6625b04a6117c1b2db6ace7d5976", [:mix], []},
  "db_connection": {:hex, :db_connection, "1.1.2", "2865c2a4bae0714e2213a0ce60a1b12d76a6efba0c51fbda59c9ab8d1accc7a8", [:mix], [{:connection, "~> 1.0.2", [hex: :connection, optional: false]}, {:poolboy, "~> 1.5", [hex: :poolboy, optional: true]}, {:sbroker, "~> 1.0", [hex: :sbroker, optional: true]}]},
  "decimal": {:hex, :decimal, "1.3.1", "157b3cedb2bfcb5359372a7766dd7a41091ad34578296e951f58a946fcab49c6", [:mix], []},
  "ecto": {:hex, :ecto, "2.1.4", "d1ba932813ec0e0d9db481ef2c17777f1cefb11fc90fa7c142ff354972dfba7e", [:mix], [{:db_connection, "~> 1.1", [hex: :db_connection, optional: true]}, {:decimal, "~> 1.2", [hex: :decimal, optional: false]}, {:mariaex, "~> 0.8.0", [hex: :mariaex, optional: true]}, {:poison, "~> 2.2 or ~> 3.0", [hex: :poison, optional: true]}, {:poolboy, "~> 1.5", [hex: :poolboy, optional: false]}, {:postgrex, "~> 0.13.0", [hex: :postgrex, optional: true]}, {:sbroker, "~> 1.0", [hex: :sbroker, optional: true]}]},
  "erlport": {:hex, :erlport, "0.9.8", "b7dc57eb87f215a671926bfbcd23e6e9c76f8653b0d072627b41431ef51c4d20", [:rebar3], []},
  "export": {:hex, :export, "0.1.0", "1d1870f54996a88d067c927c7e00bca42d9e84775b4e3c75952ed351ad950551", [:mix], [{:erlport, "~> 0.9", [hex: :erlport, optional: false]}]},
  "gettext": {:hex, :gettext, "0.13.1", "5e0daf4e7636d771c4c71ad5f3f53ba09a9ae5c250e1ab9c42ba9edccc476263", [:mix], []},
  "hackney": {:hex, :hackney, "1.7.1", "e238c52c5df3c3b16ce613d3a51c7220a784d734879b1e231c9babd433ac1cb4", [:rebar3], [{:certifi, "1.0.0", [hex: :certifi, optional: false]}, {:idna, "4.0.0", [hex: :idna, optional: false]}, {:metrics, "1.0.1", [hex: :metrics, optional: false]}, {:mimerl, "1.0.2", [hex: :mimerl, optional: false]}, {:ssl_verify_fun, "1.1.1", [hex: :ssl_verify_fun, optional: false]}]},
  "httpoison": {:hex, :httpoison, "0.11.1", "d06c571274c0e77b6cc50e548db3fd7779f611fbed6681fd60a331f66c143a0b", [:mix], [{:hackney, "~> 1.7.0", [hex: :hackney, optional: false]}]},
  "idna": {:hex, :idna, "4.0.0", "10aaa9f79d0b12cf0def53038547855b91144f1bfcc0ec73494f38bb7b9c4961", [:rebar3], []},
  "logger_file_backend": {:hex, :logger_file_backend, "0.0.4", "abf3cd1ff798b329a326106e9ac7374a20f6927281b52b34ea8c8f5fc4324b36", [:mix], []},
  "metrics": {:hex, :metrics, "1.0.1", "25f094dea2cda98213cecc3aeff09e940299d950904393b2a29d191c346a8486", [:rebar3], []},
  "mimerl": {:hex, :mimerl, "1.0.2", "993f9b0e084083405ed8252b99460c4f0563e41729ab42d9074fd5e52439be88", [:rebar3], []},
  "msgpax": {:hex, :msgpax, "0.8.2", "0e83d86e7cbf1bdcf7b870c25951df042ec19f9804a1a9c2fa59091a43ee2886", [:mix], []},
  "pbkdf2": {:git, "https://github.com/pma/erlang-pbkdf2.git", "93b290d72b107747c717fb1f55811d2ebc1b73ed", [branch: "master"]},
  "poison": {:hex, :poison, "3.1.0", "d9eb636610e096f86f25d9a46f35a9facac35609a7591b3be3326e99a0484665", [:mix], []},
  "poolboy": {:hex, :poolboy, "1.5.1", "6b46163901cfd0a1b43d692657ed9d7e599853b3b21b95ae5ae0a777cf9b6ca8", [:rebar], []},
  "postgrex": {:hex, :postgrex, "0.13.2", "2b88168fc6a5456a27bfb54ccf0ba4025d274841a7a3af5e5deb1b755d95154e", [:mix], [{:connection, "~> 1.0", [hex: :connection, optional: false]}, {:db_connection, "~> 1.1", [hex: :db_connection, optional: false]}, {:decimal, "~> 1.0", [hex: :decimal, optional: false]}]},
  "socket": {:hex, :socket, "0.3.11", "46004230045c2207c0b90adb9abe3ba15a83e634b341ac37af39a4adf48ed00b", [:mix], []},
  "spell": {:git, "https://github.com/Zatvobor/spell.git", "5f055dcc4b8b15c55dbc6f1f20c54fc4ebfbfe25", [ref: "5f055dcc4b8b15c55dbc6f1f20c54fc4ebfbfe25"]},
  "ssl_verify_fun": {:hex, :ssl_verify_fun, "1.1.1", "28a4d65b7f59893bc2c7de786dec1e1555bd742d336043fe644ae956c3497fbe", [:make, :rebar], []},
  "timex": {:hex, :timex, "3.1.13", "48b33162e3ec33e9a08fb5f98e3f3c19c3e328dded3156096c1969b77d33eef0", [:mix], [{:combine, "~> 0.7", [hex: :combine, optional: false]}, {:gettext, "~> 0.10", [hex: :gettext, optional: false]}, {:tzdata, "~> 0.1.8 or ~> 0.5", [hex: :tzdata, optional: false]}]},
  "tzdata": {:hex, :tzdata, "0.5.12", "1c17b68692c6ba5b6ab15db3d64cc8baa0f182043d5ae9d4b6d35d70af76f67b", [:mix], [{:hackney, "~> 1.0", [hex: :hackney, optional: false]}]},
  "websocket_client": {:git, "https://github.com/jeremyong/websocket_client.git", "f465f229958293949e4a192bea65a7e47bb2f762", [tag: "v0.7"]}}
