%{"msgpax": {:hex, :msgpax, "0.8.2", "0e83d86e7cbf1bdcf7b870c25951df042ec19f9804a1a9c2fa59091a43ee2886", [:mix], []},
  "pbkdf2": {:git, "https://github.com/pma/erlang-pbkdf2.git", "93b290d72b107747c717fb1f55811d2ebc1b73ed", [branch: "master"]},
  "poison": {:hex, :poison, "1.4.0", "cd5afb9db7f0d19487572fa28185b6d4de647f14235746824e77b3139b79b725", [:mix], []},
  "socket": {:hex, :socket, "0.3.11", "46004230045c2207c0b90adb9abe3ba15a83e634b341ac37af39a4adf48ed00b", [:mix], []},
  "spell": {:git, "https://github.com/Zatvobor/spell.git", "5f055dcc4b8b15c55dbc6f1f20c54fc4ebfbfe25", [ref: "5f055dcc4b8b15c55dbc6f1f20c54fc4ebfbfe25"]},
  "websocket_client": {:git, "https://github.com/jeremyong/websocket_client.git", "f465f229958293949e4a192bea65a7e47bb2f762", [tag: "v0.7"]}}
